
Microsoft Visual Studio Solution File, Format Version 12.00
# Visual Studio Version 17
VisualStudioVersion = 17.0.31903.59
MinimumVisualStudioVersion = 10.0.40219.1
Project("{9A19103F-16F7-4668-BE54-9A1E7A4F7556}") = "congestion-tax-calculator-net-core", "netcore\congestion-tax-calculator-net-core.csproj", "{3D1DE6BB-5211-452D-BBCE-B72256CE954B}"
EndProject
Project("{FAE04EC0-301F-11D3-BF4B-00C04F79EFBC}") = "Tester", "Tester\Tester.csproj", "{9FA8129B-FBB5-4136-AB60-FF5A7A516DAD}"
EndProject
Global
	GlobalSection(SolutionConfigurationPlatforms) = preSolution
		Debug|Any CPU = Debug|Any CPU
		Release|Any CPU = Release|Any CPU
	EndGlobalSection
	GlobalSection(ProjectConfigurationPlatforms) = postSolution
		{3D1DE6BB-5211-452D-BBCE-B72256CE954B}.Debug|Any CPU.ActiveCfg = Debug|Any CPU
		{3D1DE6BB-5211-452D-BBCE-B72256CE954B}.Debug|Any CPU.Build.0 = Debug|Any CPU
		{3D1DE6BB-5211-452D-BBCE-B72256CE954B}.Release|Any CPU.ActiveCfg = Release|Any CPU
		{3D1DE6BB-5211-452D-BBCE-B72256CE954B}.Release|Any CPU.Build.0 = Release|Any CPU
		{9FA8129B-FBB5-4136-AB60-FF5A7A516DAD}.Debug|Any CPU.ActiveCfg = Debug|Any CPU
		{9FA8129B-FBB5-4136-AB60-FF5A7A516DAD}.Debug|Any CPU.Build.0 = Debug|Any CPU
		{9FA8129B-FBB5-4136-AB60-FF5A7A516DAD}.Release|Any CPU.ActiveCfg = Release|Any CPU
		{9FA8129B-FBB5-4136-AB60-FF5A7A516DAD}.Release|Any CPU.Build.0 = Release|Any CPU
	EndGlobalSection
	GlobalSection(SolutionProperties) = preSolution
		HideSolutionNode = FALSE
	EndGlobalSection
	GlobalSection(ExtensibilityGlobals) = postSolution
		SolutionGuid = {EF33FCA2-04D5-4092-9D7F-A48049D2C37D}
	EndGlobalSection
EndGlobal
